
Microsoft Visual Studio Solution File, Format Version 12.00
# Visual Studio Version 17
VisualStudioVersion = 17.7.34031.279
MinimumVisualStudioVersion = 10.0.40219.1
Project("{2150E333-8FDC-42A3-9474-1A3956D46DE8}") = "api", "api", "{B7F5143C-3A9D-422B-8A6E-938BC17EAFDF}"
EndProject
Project("{2150E333-8FDC-42A3-9474-1A3956D46DE8}") = "context", "context", "{66406596-3778-4E3B-BA46-E0F777FF4753}"
EndProject
Project("{2150E333-8FDC-42A3-9474-1A3956D46DE8}") = "shared", "shared", "{DEBFD607-4567-43AE-82F5-077AFE02FD01}"
EndProject
Project("{2150E333-8FDC-42A3-9474-1A3956D46DE8}") = "CRM", "CRM", "{BE158808-B6F8-473B-9977-AD1D23E70C17}"
EndProject
Project("{2150E333-8FDC-42A3-9474-1A3956D46DE8}") = "src", "src", "{9E2AC2D6-39A4-42AF-B832-7EB875303E0B}"
EndProject
Project("{9A19103F-16F7-4668-BE54-9A1E7A4F7556}") = "CRM.Application", "api\CRM\src\CRM.Application\CRM.Application.csproj", "{4287756A-04E1-4627-BF6D-F379B70704D5}"
EndProject
Project("{9A19103F-16F7-4668-BE54-9A1E7A4F7556}") = "CRM.Application.Common", "api\CRM\src\CRM.Application.Common\CRM.Application.Common.csproj", "{FB59C043-CA21-4DC4-B539-F6B1DBAED267}"
EndProject
Project("{2150E333-8FDC-42A3-9474-1A3956D46DE8}") = "Product", "Product", "{AEA9B41F-B8C4-44E4-BA33-219EDF959577}"
EndProject
Project("{2150E333-8FDC-42A3-9474-1A3956D46DE8}") = "User", "User", "{2D1AB10B-0A25-4A07-B04F-EF5F09378CA2}"
EndProject
Project("{2150E333-8FDC-42A3-9474-1A3956D46DE8}") = "src", "src", "{5432C066-62C0-4D57-B11C-56EF1EA3F2B7}"
EndProject
Project("{2150E333-8FDC-42A3-9474-1A3956D46DE8}") = "src", "src", "{39220A3E-ACF6-42CF-AA0E-52E3E783D75B}"
EndProject
Project("{2150E333-8FDC-42A3-9474-1A3956D46DE8}") = "Domain", "Domain", "{315BCF0E-B93F-4B31-9B8E-31B0F4802CEE}"
EndProject
Project("{2150E333-8FDC-42A3-9474-1A3956D46DE8}") = "src", "src", "{9F7E7686-7E42-4673-B969-70059D28F32B}"
EndProject
Project("{9A19103F-16F7-4668-BE54-9A1E7A4F7556}") = "Product.Core", "context\Product\src\Product.Core\Product.Core.csproj", "{FCED76B5-B0A9-4746-A872-4C04933ABD2E}"
EndProject
Project("{9A19103F-16F7-4668-BE54-9A1E7A4F7556}") = "Product.Data.MySql", "context\Product\src\Product.Data.MySql\Product.Data.MySql.csproj", "{B9E46064-FD00-4CFB-9697-DDFB56E4222E}"
EndProject
Project("{9A19103F-16F7-4668-BE54-9A1E7A4F7556}") = "User.Core", "context\User\src\User.Core\User.Core.csproj", "{3E32A142-11DF-4366-BC12-51CC5CD973B1}"
EndProject
Project("{9A19103F-16F7-4668-BE54-9A1E7A4F7556}") = "User.Data.MySql", "context\User\src\User.Core.Data.MySql\User.Data.MySql.csproj", "{6DD6824A-FF83-4BE0-94FD-0B03AD34D4A9}"
EndProject
Project("{9A19103F-16F7-4668-BE54-9A1E7A4F7556}") = "Domain.Core", "shared\Domain\src\Domain.Core\Domain.Core.csproj", "{95F19141-52F6-4CFE-82F5-766EAC661A22}"
EndProject
Project("{9A19103F-16F7-4668-BE54-9A1E7A4F7556}") = "Product.CrossCutting.Ioc", "context\Product\src\Product.CrossCutting.Ioc\Product.CrossCutting.Ioc.csproj", "{5C4F43FF-FCB6-4EB5-8FC9-6A8814B4621E}"
EndProject
Project("{9A19103F-16F7-4668-BE54-9A1E7A4F7556}") = "User.CrossCutting.Ioc", "context\User\src\User.CrossCutting.Ioc\User.CrossCutting.Ioc.csproj", "{72F845EE-AEBC-46BC-A623-396248F74902}"
EndProject
Global
	GlobalSection(SolutionConfigurationPlatforms) = preSolution
		Debug|Any CPU = Debug|Any CPU
		Release|Any CPU = Release|Any CPU
	EndGlobalSection
	GlobalSection(ProjectConfigurationPlatforms) = postSolution
		{4287756A-04E1-4627-BF6D-F379B70704D5}.Debug|Any CPU.ActiveCfg = Debug|Any CPU
		{4287756A-04E1-4627-BF6D-F379B70704D5}.Debug|Any CPU.Build.0 = Debug|Any CPU
		{4287756A-04E1-4627-BF6D-F379B70704D5}.Release|Any CPU.ActiveCfg = Release|Any CPU
		{4287756A-04E1-4627-BF6D-F379B70704D5}.Release|Any CPU.Build.0 = Release|Any CPU
		{FB59C043-CA21-4DC4-B539-F6B1DBAED267}.Debug|Any CPU.ActiveCfg = Debug|Any CPU
		{FB59C043-CA21-4DC4-B539-F6B1DBAED267}.Debug|Any CPU.Build.0 = Debug|Any CPU
		{FB59C043-CA21-4DC4-B539-F6B1DBAED267}.Release|Any CPU.ActiveCfg = Release|Any CPU
		{FB59C043-CA21-4DC4-B539-F6B1DBAED267}.Release|Any CPU.Build.0 = Release|Any CPU
		{FCED76B5-B0A9-4746-A872-4C04933ABD2E}.Debug|Any CPU.ActiveCfg = Debug|Any CPU
		{FCED76B5-B0A9-4746-A872-4C04933ABD2E}.Debug|Any CPU.Build.0 = Debug|Any CPU
		{FCED76B5-B0A9-4746-A872-4C04933ABD2E}.Release|Any CPU.ActiveCfg = Release|Any CPU
		{FCED76B5-B0A9-4746-A872-4C04933ABD2E}.Release|Any CPU.Build.0 = Release|Any CPU
		{B9E46064-FD00-4CFB-9697-DDFB56E4222E}.Debug|Any CPU.ActiveCfg = Debug|Any CPU
		{B9E46064-FD00-4CFB-9697-DDFB56E4222E}.Debug|Any CPU.Build.0 = Debug|Any CPU
		{B9E46064-FD00-4CFB-9697-DDFB56E4222E}.Release|Any CPU.ActiveCfg = Release|Any CPU
		{B9E46064-FD00-4CFB-9697-DDFB56E4222E}.Release|Any CPU.Build.0 = Release|Any CPU
		{3E32A142-11DF-4366-BC12-51CC5CD973B1}.Debug|Any CPU.ActiveCfg = Debug|Any CPU
		{3E32A142-11DF-4366-BC12-51CC5CD973B1}.Debug|Any CPU.Build.0 = Debug|Any CPU
		{3E32A142-11DF-4366-BC12-51CC5CD973B1}.Release|Any CPU.ActiveCfg = Release|Any CPU
		{3E32A142-11DF-4366-BC12-51CC5CD973B1}.Release|Any CPU.Build.0 = Release|Any CPU
		{6DD6824A-FF83-4BE0-94FD-0B03AD34D4A9}.Debug|Any CPU.ActiveCfg = Debug|Any CPU
		{6DD6824A-FF83-4BE0-94FD-0B03AD34D4A9}.Debug|Any CPU.Build.0 = Debug|Any CPU
		{6DD6824A-FF83-4BE0-94FD-0B03AD34D4A9}.Release|Any CPU.ActiveCfg = Release|Any CPU
		{6DD6824A-FF83-4BE0-94FD-0B03AD34D4A9}.Release|Any CPU.Build.0 = Release|Any CPU
		{95F19141-52F6-4CFE-82F5-766EAC661A22}.Debug|Any CPU.ActiveCfg = Debug|Any CPU
		{95F19141-52F6-4CFE-82F5-766EAC661A22}.Debug|Any CPU.Build.0 = Debug|Any CPU
		{95F19141-52F6-4CFE-82F5-766EAC661A22}.Release|Any CPU.ActiveCfg = Release|Any CPU
		{95F19141-52F6-4CFE-82F5-766EAC661A22}.Release|Any CPU.Build.0 = Release|Any CPU
		{5C4F43FF-FCB6-4EB5-8FC9-6A8814B4621E}.Debug|Any CPU.ActiveCfg = Debug|Any CPU
		{5C4F43FF-FCB6-4EB5-8FC9-6A8814B4621E}.Debug|Any CPU.Build.0 = Debug|Any CPU
		{5C4F43FF-FCB6-4EB5-8FC9-6A8814B4621E}.Release|Any CPU.ActiveCfg = Release|Any CPU
		{5C4F43FF-FCB6-4EB5-8FC9-6A8814B4621E}.Release|Any CPU.Build.0 = Release|Any CPU
		{72F845EE-AEBC-46BC-A623-396248F74902}.Debug|Any CPU.ActiveCfg = Debug|Any CPU
		{72F845EE-AEBC-46BC-A623-396248F74902}.Debug|Any CPU.Build.0 = Debug|Any CPU
		{72F845EE-AEBC-46BC-A623-396248F74902}.Release|Any CPU.ActiveCfg = Release|Any CPU
		{72F845EE-AEBC-46BC-A623-396248F74902}.Release|Any CPU.Build.0 = Release|Any CPU
	EndGlobalSection
	GlobalSection(SolutionProperties) = preSolution
		HideSolutionNode = FALSE
	EndGlobalSection
	GlobalSection(NestedProjects) = preSolution
		{BE158808-B6F8-473B-9977-AD1D23E70C17} = {B7F5143C-3A9D-422B-8A6E-938BC17EAFDF}
		{9E2AC2D6-39A4-42AF-B832-7EB875303E0B} = {BE158808-B6F8-473B-9977-AD1D23E70C17}
		{4287756A-04E1-4627-BF6D-F379B70704D5} = {9E2AC2D6-39A4-42AF-B832-7EB875303E0B}
		{FB59C043-CA21-4DC4-B539-F6B1DBAED267} = {9E2AC2D6-39A4-42AF-B832-7EB875303E0B}
		{AEA9B41F-B8C4-44E4-BA33-219EDF959577} = {66406596-3778-4E3B-BA46-E0F777FF4753}
		{2D1AB10B-0A25-4A07-B04F-EF5F09378CA2} = {66406596-3778-4E3B-BA46-E0F777FF4753}
		{5432C066-62C0-4D57-B11C-56EF1EA3F2B7} = {AEA9B41F-B8C4-44E4-BA33-219EDF959577}
		{39220A3E-ACF6-42CF-AA0E-52E3E783D75B} = {2D1AB10B-0A25-4A07-B04F-EF5F09378CA2}
		{315BCF0E-B93F-4B31-9B8E-31B0F4802CEE} = {DEBFD607-4567-43AE-82F5-077AFE02FD01}
		{9F7E7686-7E42-4673-B969-70059D28F32B} = {315BCF0E-B93F-4B31-9B8E-31B0F4802CEE}
		{FCED76B5-B0A9-4746-A872-4C04933ABD2E} = {5432C066-62C0-4D57-B11C-56EF1EA3F2B7}
		{B9E46064-FD00-4CFB-9697-DDFB56E4222E} = {5432C066-62C0-4D57-B11C-56EF1EA3F2B7}
		{3E32A142-11DF-4366-BC12-51CC5CD973B1} = {39220A3E-ACF6-42CF-AA0E-52E3E783D75B}
		{6DD6824A-FF83-4BE0-94FD-0B03AD34D4A9} = {39220A3E-ACF6-42CF-AA0E-52E3E783D75B}
		{95F19141-52F6-4CFE-82F5-766EAC661A22} = {9F7E7686-7E42-4673-B969-70059D28F32B}
		{5C4F43FF-FCB6-4EB5-8FC9-6A8814B4621E} = {5432C066-62C0-4D57-B11C-56EF1EA3F2B7}
		{72F845EE-AEBC-46BC-A623-396248F74902} = {39220A3E-ACF6-42CF-AA0E-52E3E783D75B}
	EndGlobalSection
	GlobalSection(ExtensibilityGlobals) = postSolution
		        SolutionGuid = {C95D0147-AA28-4854-9840-FEC8176100E1}
		SolutionGuid = {CD09A8C0-F574-4919-9208-8939B351301A}
	EndGlobalSection
EndGlobal
